
Microsoft Visual Studio Solution File, Format Version 12.00
# Visual Studio 15
VisualStudioVersion = 15.0.27428.2015
MinimumVisualStudioVersion = 10.0.40219.1
Project("{888888A0-9F3D-457C-B088-3A5042F75D52}") = "Airport_Simulation", "Airport_Simulation\Airport_Simulation.pyproj", "{E6467898-1A4F-4C0D-9167-FEB26EEFFB09}"
EndProject
Global
	GlobalSection(SolutionConfigurationPlatforms) = preSolution
		Debug|Any CPU = Debug|Any CPU
		Release|Any CPU = Release|Any CPU
	EndGlobalSection
	GlobalSection(ProjectConfigurationPlatforms) = postSolution
		{E6467898-1A4F-4C0D-9167-FEB26EEFFB09}.Debug|Any CPU.ActiveCfg = Debug|Any CPU
		{E6467898-1A4F-4C0D-9167-FEB26EEFFB09}.Release|Any CPU.ActiveCfg = Release|Any CPU
	EndGlobalSection
	GlobalSection(SolutionProperties) = preSolution
		HideSolutionNode = FALSE
	EndGlobalSection
	GlobalSection(ExtensibilityGlobals) = postSolution
		SolutionGuid = {4C0068D9-8C85-49DA-842B-8311B87BDEAE}
	EndGlobalSection
EndGlobal
